
Microsoft Visual Studio Solution File, Format Version 12.00
# Visual Studio Version 17
VisualStudioVersion = 17.11.35327.3
MinimumVisualStudioVersion = 10.0.40219.1
Project("{FAE04EC0-301F-11D3-BF4B-00C04F79EFBC}") = "FileCloner", "FileCloner\FileCloner.csproj", "{E2A014C0-3984-4E35-ACC1-2EDC0AEC99BE}"
EndProject
Global
	GlobalSection(SolutionConfigurationPlatforms) = preSolution
		Debug|Any CPU = Debug|Any CPU
		Release|Any CPU = Release|Any CPU
	EndGlobalSection
	GlobalSection(ProjectConfigurationPlatforms) = postSolution
		{E2A014C0-3984-4E35-ACC1-2EDC0AEC99BE}.Debug|Any CPU.ActiveCfg = Debug|Any CPU
		{E2A014C0-3984-4E35-ACC1-2EDC0AEC99BE}.Debug|Any CPU.Build.0 = Debug|Any CPU
		{E2A014C0-3984-4E35-ACC1-2EDC0AEC99BE}.Release|Any CPU.ActiveCfg = Release|Any CPU
		{E2A014C0-3984-4E35-ACC1-2EDC0AEC99BE}.Release|Any CPU.Build.0 = Release|Any CPU
	EndGlobalSection
	GlobalSection(SolutionProperties) = preSolution
		HideSolutionNode = FALSE
	EndGlobalSection
	GlobalSection(ExtensibilityGlobals) = postSolution
		SolutionGuid = {230A398E-CEC4-4182-88D7-77CCF117F395}
	EndGlobalSection
EndGlobal
